
Microsoft Visual Studio Solution File, Format Version 12.00
# Visual Studio 15
VisualStudioVersion = 15.0.27703.2018
MinimumVisualStudioVersion = 10.0.40219.1
Project("{FAE04EC0-301F-11D3-BF4B-00C04F79EFBC}") = "Enums", "Enums\Enums.csproj", "{BEAD658A-1EB6-40E9-AE17-F18A1B110A39}"
EndProject
Global
	GlobalSection(SolutionConfigurationPlatforms) = preSolution
		Debug|Any CPU = Debug|Any CPU
		Release|Any CPU = Release|Any CPU
	EndGlobalSection
	GlobalSection(ProjectConfigurationPlatforms) = postSolution
		{BEAD658A-1EB6-40E9-AE17-F18A1B110A39}.Debug|Any CPU.ActiveCfg = Debug|Any CPU
		{BEAD658A-1EB6-40E9-AE17-F18A1B110A39}.Debug|Any CPU.Build.0 = Debug|Any CPU
		{BEAD658A-1EB6-40E9-AE17-F18A1B110A39}.Release|Any CPU.ActiveCfg = Release|Any CPU
		{BEAD658A-1EB6-40E9-AE17-F18A1B110A39}.Release|Any CPU.Build.0 = Release|Any CPU
	EndGlobalSection
	GlobalSection(SolutionProperties) = preSolution
		HideSolutionNode = FALSE
	EndGlobalSection
	GlobalSection(ExtensibilityGlobals) = postSolution
		SolutionGuid = {39102095-BEDA-44E6-B0B9-B0E95F12FF42}
	EndGlobalSection
EndGlobal
