
Microsoft Visual Studio Solution File, Format Version 12.00
# Visual Studio 15
VisualStudioVersion = 15.0.27703.2018
MinimumVisualStudioVersion = 10.0.40219.1
Project("{FAE04EC0-301F-11D3-BF4B-00C04F79EFBC}") = "applicationProject", "applicationProject\applicationProject.csproj", "{67C7BA81-2E1B-4AC0-9A33-3BA8D834050A}"
EndProject
Project("{FAE04EC0-301F-11D3-BF4B-00C04F79EFBC}") = "applicationProject.Tests", "applicationProject.Tests\applicationProject.Tests.csproj", "{0BC3F17C-6F23-4780-9C61-C7C6BB7D4C95}"
EndProject
Global
	GlobalSection(SolutionConfigurationPlatforms) = preSolution
		Debug|Any CPU = Debug|Any CPU
		Release|Any CPU = Release|Any CPU
	EndGlobalSection
	GlobalSection(ProjectConfigurationPlatforms) = postSolution
		{67C7BA81-2E1B-4AC0-9A33-3BA8D834050A}.Debug|Any CPU.ActiveCfg = Debug|Any CPU
		{67C7BA81-2E1B-4AC0-9A33-3BA8D834050A}.Debug|Any CPU.Build.0 = Debug|Any CPU
		{67C7BA81-2E1B-4AC0-9A33-3BA8D834050A}.Release|Any CPU.ActiveCfg = Release|Any CPU
		{67C7BA81-2E1B-4AC0-9A33-3BA8D834050A}.Release|Any CPU.Build.0 = Release|Any CPU
		{0BC3F17C-6F23-4780-9C61-C7C6BB7D4C95}.Debug|Any CPU.ActiveCfg = Debug|Any CPU
		{0BC3F17C-6F23-4780-9C61-C7C6BB7D4C95}.Debug|Any CPU.Build.0 = Debug|Any CPU
		{0BC3F17C-6F23-4780-9C61-C7C6BB7D4C95}.Release|Any CPU.ActiveCfg = Release|Any CPU
		{0BC3F17C-6F23-4780-9C61-C7C6BB7D4C95}.Release|Any CPU.Build.0 = Release|Any CPU
	EndGlobalSection
	GlobalSection(SolutionProperties) = preSolution
		HideSolutionNode = FALSE
	EndGlobalSection
	GlobalSection(ExtensibilityGlobals) = postSolution
		SolutionGuid = {2EBB6A93-ED43-4672-AD6B-CBE96359438B}
	EndGlobalSection
EndGlobal
