
Microsoft Visual Studio Solution File, Format Version 12.00
# Visual Studio 15
VisualStudioVersion = 15.0.27703.2018
MinimumVisualStudioVersion = 10.0.40219.1
Project("{FAE04EC0-301F-11D3-BF4B-00C04F79EFBC}") = "Iterations", "Iterations\Iterations.csproj", "{29CA98FE-4833-458B-89CC-061AD8F1805A}"
EndProject
Global
	GlobalSection(SolutionConfigurationPlatforms) = preSolution
		Debug|Any CPU = Debug|Any CPU
		Release|Any CPU = Release|Any CPU
	EndGlobalSection
	GlobalSection(ProjectConfigurationPlatforms) = postSolution
		{29CA98FE-4833-458B-89CC-061AD8F1805A}.Debug|Any CPU.ActiveCfg = Debug|Any CPU
		{29CA98FE-4833-458B-89CC-061AD8F1805A}.Debug|Any CPU.Build.0 = Debug|Any CPU
		{29CA98FE-4833-458B-89CC-061AD8F1805A}.Release|Any CPU.ActiveCfg = Release|Any CPU
		{29CA98FE-4833-458B-89CC-061AD8F1805A}.Release|Any CPU.Build.0 = Release|Any CPU
	EndGlobalSection
	GlobalSection(SolutionProperties) = preSolution
		HideSolutionNode = FALSE
	EndGlobalSection
	GlobalSection(ExtensibilityGlobals) = postSolution
		SolutionGuid = {1FA69FA0-C87C-42E7-9EE0-780CDAC8F8F4}
	EndGlobalSection
EndGlobal
