
Microsoft Visual Studio Solution File, Format Version 12.00
# Visual Studio 15
VisualStudioVersion = 15.0.27703.2018
MinimumVisualStudioVersion = 10.0.40219.1
Project("{FAE04EC0-301F-11D3-BF4B-00C04F79EFBC}") = "ChainingConstructor", "ChainingConstructor\ChainingConstructor.csproj", "{DF56545B-E39B-4FEE-AFFC-F2F8D23697DB}"
EndProject
Global
	GlobalSection(SolutionConfigurationPlatforms) = preSolution
		Debug|Any CPU = Debug|Any CPU
		Release|Any CPU = Release|Any CPU
	EndGlobalSection
	GlobalSection(ProjectConfigurationPlatforms) = postSolution
		{DF56545B-E39B-4FEE-AFFC-F2F8D23697DB}.Debug|Any CPU.ActiveCfg = Debug|Any CPU
		{DF56545B-E39B-4FEE-AFFC-F2F8D23697DB}.Debug|Any CPU.Build.0 = Debug|Any CPU
		{DF56545B-E39B-4FEE-AFFC-F2F8D23697DB}.Release|Any CPU.ActiveCfg = Release|Any CPU
		{DF56545B-E39B-4FEE-AFFC-F2F8D23697DB}.Release|Any CPU.Build.0 = Release|Any CPU
	EndGlobalSection
	GlobalSection(SolutionProperties) = preSolution
		HideSolutionNode = FALSE
	EndGlobalSection
	GlobalSection(ExtensibilityGlobals) = postSolution
		SolutionGuid = {F6509D3D-8552-45B7-B868-E3FBF51F4588}
	EndGlobalSection
EndGlobal
