
Microsoft Visual Studio Solution File, Format Version 12.00
# Visual Studio 15
VisualStudioVersion = 15.0.27703.2018
MinimumVisualStudioVersion = 10.0.40219.1
Project("{FAE04EC0-301F-11D3-BF4B-00C04F79EFBC}") = "DateTime", "DateTime\DateTime.csproj", "{D83DAFAD-0EE1-4CFA-8B75-7D5BFB329003}"
EndProject
Global
	GlobalSection(SolutionConfigurationPlatforms) = preSolution
		Debug|Any CPU = Debug|Any CPU
		Release|Any CPU = Release|Any CPU
	EndGlobalSection
	GlobalSection(ProjectConfigurationPlatforms) = postSolution
		{D83DAFAD-0EE1-4CFA-8B75-7D5BFB329003}.Debug|Any CPU.ActiveCfg = Debug|Any CPU
		{D83DAFAD-0EE1-4CFA-8B75-7D5BFB329003}.Debug|Any CPU.Build.0 = Debug|Any CPU
		{D83DAFAD-0EE1-4CFA-8B75-7D5BFB329003}.Release|Any CPU.ActiveCfg = Release|Any CPU
		{D83DAFAD-0EE1-4CFA-8B75-7D5BFB329003}.Release|Any CPU.Build.0 = Release|Any CPU
	EndGlobalSection
	GlobalSection(SolutionProperties) = preSolution
		HideSolutionNode = FALSE
	EndGlobalSection
	GlobalSection(ExtensibilityGlobals) = postSolution
		SolutionGuid = {609010A1-F970-454A-8DD6-504B8F856C57}
	EndGlobalSection
EndGlobal
