
Microsoft Visual Studio Solution File, Format Version 12.00
# Visual Studio 15
VisualStudioVersion = 15.0.27703.2018
MinimumVisualStudioVersion = 10.0.40219.1
Project("{FAE04EC0-301F-11D3-BF4B-00C04F79EFBC}") = "MineFullTrader", "MineFullTrader\MineFullTrader.csproj", "{199B5C88-E3CC-44DA-8698-4F4D052D94C1}"
EndProject
Global
	GlobalSection(SolutionConfigurationPlatforms) = preSolution
		Debug|Any CPU = Debug|Any CPU
		Release|Any CPU = Release|Any CPU
	EndGlobalSection
	GlobalSection(ProjectConfigurationPlatforms) = postSolution
		{199B5C88-E3CC-44DA-8698-4F4D052D94C1}.Debug|Any CPU.ActiveCfg = Debug|Any CPU
		{199B5C88-E3CC-44DA-8698-4F4D052D94C1}.Debug|Any CPU.Build.0 = Debug|Any CPU
		{199B5C88-E3CC-44DA-8698-4F4D052D94C1}.Release|Any CPU.ActiveCfg = Release|Any CPU
		{199B5C88-E3CC-44DA-8698-4F4D052D94C1}.Release|Any CPU.Build.0 = Release|Any CPU
	EndGlobalSection
	GlobalSection(SolutionProperties) = preSolution
		HideSolutionNode = FALSE
	EndGlobalSection
	GlobalSection(ExtensibilityGlobals) = postSolution
		SolutionGuid = {41B0482F-5398-4705-9DCD-AC53E5DFE9EA}
	EndGlobalSection
EndGlobal
