
Microsoft Visual Studio Solution File, Format Version 12.00
# Visual Studio 15
VisualStudioVersion = 15.0.27703.2018
MinimumVisualStudioVersion = 10.0.40219.1
Project("{FAE04EC0-301F-11D3-BF4B-00C04F79EFBC}") = "ConsoleApp1", "ConsoleApp1\ConsoleApp1.csproj", "{FFD641ED-BBDE-41D5-85CB-858225C42366}"
EndProject
Global
	GlobalSection(SolutionConfigurationPlatforms) = preSolution
		Debug|Any CPU = Debug|Any CPU
		Release|Any CPU = Release|Any CPU
	EndGlobalSection
	GlobalSection(ProjectConfigurationPlatforms) = postSolution
		{FFD641ED-BBDE-41D5-85CB-858225C42366}.Debug|Any CPU.ActiveCfg = Debug|Any CPU
		{FFD641ED-BBDE-41D5-85CB-858225C42366}.Debug|Any CPU.Build.0 = Debug|Any CPU
		{FFD641ED-BBDE-41D5-85CB-858225C42366}.Release|Any CPU.ActiveCfg = Release|Any CPU
		{FFD641ED-BBDE-41D5-85CB-858225C42366}.Release|Any CPU.Build.0 = Release|Any CPU
	EndGlobalSection
	GlobalSection(SolutionProperties) = preSolution
		HideSolutionNode = FALSE
	EndGlobalSection
	GlobalSection(ExtensibilityGlobals) = postSolution
		SolutionGuid = {1D0F4BC4-141F-4CF0-9422-FC3DCE3AC166}
	EndGlobalSection
EndGlobal
