
Microsoft Visual Studio Solution File, Format Version 12.00
# Visual Studio 15
VisualStudioVersion = 15.0.27703.2018
MinimumVisualStudioVersion = 10.0.40219.1
Project("{FAE04EC0-301F-11D3-BF4B-00C04F79EFBC}") = "InteractiveArraysAndLists", "InteractiveArraysAndLists\InteractiveArraysAndLists.csproj", "{1B29D9E0-A47E-42C7-B6C6-2AD8E02E1F49}"
EndProject
Global
	GlobalSection(SolutionConfigurationPlatforms) = preSolution
		Debug|Any CPU = Debug|Any CPU
		Release|Any CPU = Release|Any CPU
	EndGlobalSection
	GlobalSection(ProjectConfigurationPlatforms) = postSolution
		{1B29D9E0-A47E-42C7-B6C6-2AD8E02E1F49}.Debug|Any CPU.ActiveCfg = Debug|Any CPU
		{1B29D9E0-A47E-42C7-B6C6-2AD8E02E1F49}.Debug|Any CPU.Build.0 = Debug|Any CPU
		{1B29D9E0-A47E-42C7-B6C6-2AD8E02E1F49}.Release|Any CPU.ActiveCfg = Release|Any CPU
		{1B29D9E0-A47E-42C7-B6C6-2AD8E02E1F49}.Release|Any CPU.Build.0 = Release|Any CPU
	EndGlobalSection
	GlobalSection(SolutionProperties) = preSolution
		HideSolutionNode = FALSE
	EndGlobalSection
	GlobalSection(ExtensibilityGlobals) = postSolution
		SolutionGuid = {5F0306B0-FA13-43A3-B1CC-0DED106F9368}
	EndGlobalSection
EndGlobal
