
Microsoft Visual Studio Solution File, Format Version 12.00
# Visual Studio 15
VisualStudioVersion = 15.0.27703.2018
MinimumVisualStudioVersion = 10.0.40219.1
Project("{FAE04EC0-301F-11D3-BF4B-00C04F79EFBC}") = "USER ACCEPTANCE DRILL", "USER ACCEPTANCE DRILL\USER ACCEPTANCE DRILL.csproj", "{939F1138-A2DC-4F8B-B629-060FFE260B4C}"
EndProject
Global
	GlobalSection(SolutionConfigurationPlatforms) = preSolution
		Debug|Any CPU = Debug|Any CPU
		Release|Any CPU = Release|Any CPU
	EndGlobalSection
	GlobalSection(ProjectConfigurationPlatforms) = postSolution
		{939F1138-A2DC-4F8B-B629-060FFE260B4C}.Debug|Any CPU.ActiveCfg = Debug|Any CPU
		{939F1138-A2DC-4F8B-B629-060FFE260B4C}.Debug|Any CPU.Build.0 = Debug|Any CPU
		{939F1138-A2DC-4F8B-B629-060FFE260B4C}.Release|Any CPU.ActiveCfg = Release|Any CPU
		{939F1138-A2DC-4F8B-B629-060FFE260B4C}.Release|Any CPU.Build.0 = Release|Any CPU
	EndGlobalSection
	GlobalSection(SolutionProperties) = preSolution
		HideSolutionNode = FALSE
	EndGlobalSection
	GlobalSection(ExtensibilityGlobals) = postSolution
		SolutionGuid = {33476F0E-A9D1-47DD-A6F9-AD990E62B65A}
	EndGlobalSection
EndGlobal
